
Microsoft Visual Studio Solution File, Format Version 12.00
# Visual Studio Version 16
VisualStudioVersion = 16.0.30717.126
MinimumVisualStudioVersion = 10.0.40219.1
Project("{FAE04EC0-301F-11D3-BF4B-00C04F79EFBC}") = "buro_laboral", "buro_laboral\buro_laboral.csproj", "{F96C85B9-6B52-4D5C-94D7-E3C7F38A7037}"
EndProject
Global
	GlobalSection(SolutionConfigurationPlatforms) = preSolution
		Debug|Any CPU = Debug|Any CPU
		Release|Any CPU = Release|Any CPU
	EndGlobalSection
	GlobalSection(ProjectConfigurationPlatforms) = postSolution
		{F96C85B9-6B52-4D5C-94D7-E3C7F38A7037}.Debug|Any CPU.ActiveCfg = Debug|Any CPU
		{F96C85B9-6B52-4D5C-94D7-E3C7F38A7037}.Debug|Any CPU.Build.0 = Debug|Any CPU
		{F96C85B9-6B52-4D5C-94D7-E3C7F38A7037}.Release|Any CPU.ActiveCfg = Release|Any CPU
		{F96C85B9-6B52-4D5C-94D7-E3C7F38A7037}.Release|Any CPU.Build.0 = Release|Any CPU
	EndGlobalSection
	GlobalSection(SolutionProperties) = preSolution
		HideSolutionNode = FALSE
	EndGlobalSection
	GlobalSection(ExtensibilityGlobals) = postSolution
		SolutionGuid = {5ECB96AD-0BC8-45BD-ACC6-CEF60937AFDB}
	EndGlobalSection
EndGlobal
